
Microsoft Visual Studio Solution File, Format Version 12.00
# Visual Studio Version 17
VisualStudioVersion = 17.3.32929.385
MinimumVisualStudioVersion = 10.0.40219.1
Project("{8BC9CEB8-8B4A-11D0-8D11-00A0C91BC942}") = "BPC-SCP-P08-2D-Obraz-2024", "BPC-SCP-P08-2D-Obraz-2024.vcxproj", "{C9BB88BC-EEE9-447F-9978-C32C79E657AC}"
EndProject
Global
	GlobalSection(SolutionConfigurationPlatforms) = preSolution
		Debug|x64 = Debug|x64
		Debug|x86 = Debug|x86
		Release|x64 = Release|x64
		Release|x86 = Release|x86
	EndGlobalSection
	GlobalSection(ProjectConfigurationPlatforms) = postSolution
		{C9BB88BC-EEE9-447F-9978-C32C79E657AC}.Debug|x64.ActiveCfg = Debug|x64
		{C9BB88BC-EEE9-447F-9978-C32C79E657AC}.Debug|x64.Build.0 = Debug|x64
		{C9BB88BC-EEE9-447F-9978-C32C79E657AC}.Debug|x86.ActiveCfg = Debug|Win32
		{C9BB88BC-EEE9-447F-9978-C32C79E657AC}.Debug|x86.Build.0 = Debug|Win32
		{C9BB88BC-EEE9-447F-9978-C32C79E657AC}.Release|x64.ActiveCfg = Release|x64
		{C9BB88BC-EEE9-447F-9978-C32C79E657AC}.Release|x64.Build.0 = Release|x64
		{C9BB88BC-EEE9-447F-9978-C32C79E657AC}.Release|x86.ActiveCfg = Release|Win32
		{C9BB88BC-EEE9-447F-9978-C32C79E657AC}.Release|x86.Build.0 = Release|Win32
	EndGlobalSection
	GlobalSection(SolutionProperties) = preSolution
		HideSolutionNode = FALSE
	EndGlobalSection
	GlobalSection(ExtensibilityGlobals) = postSolution
		SolutionGuid = {9296F3B4-DAF3-4007-8744-F567DA6103CF}
	EndGlobalSection
EndGlobal
